// !$*UTF8*$!
{
	archiveVersion = 1;
	classes = {
	};
	objectVersion = 77;
	objects = {

/* Begin PBXBuildFile section */
		6B0D17F22DAA72B9006ADBF8 /* AppDelegate.swift in Sources */ = {isa = PBXBuildFile; fileRef = 6B0D17EB2DAA72B9006ADBF8 /* AppDelegate.swift */; };
		6B0D17F32DAA72B9006ADBF8 /* ViewController.swift in Sources */ = {isa = PBXBuildFile; fileRef = 6B0D17F02DAA72B9006ADBF8 /* ViewController.swift */; };
		6B0D17F42DAA72B9006ADBF8 /* Assets.xcassets in Resources */ = {isa = PBXBuildFile; fileRef = 6B0D17EC2DAA72B9006ADBF8 /* Assets.xcassets */; };
		6B0D17F52DAA72B9006ADBF8 /* Main.storyboard in Resources */ = {isa = PBXBuildFile; fileRef = 6B0D17EF2DAA72B9006ADBF8 /* Main.storyboard */; };
		6B0D186A2DAA8296006ADBF8 /* LCOpenPanelManager.swift in Sources */ = {isa = PBXBuildFile; fileRef = 6B0D18522DAA8296006ADBF8 /* LCOpenPanelManager.swift */; };
		6B0D186B2DAA8296006ADBF8 /* NSScreen+Extension.swift in Sources */ = {isa = PBXBuildFile; fileRef = 6B0D18412DAA8296006ADBF8 /* NSScreen+Extension.swift */; };
		6B0D186C2DAA8296006ADBF8 /* L10n.swift in Sources */ = {isa = PBXBuildFile; fileRef = 6B0D18672DAA8296006ADBF8 /* L10n.swift */; };
		6B0D186D2DAA8296006ADBF8 /* LCProgressHUDStyle.swift in Sources */ = {isa = PBXBuildFile; fileRef = 6B0D185A2DAA8296006ADBF8 /* LCProgressHUDStyle.swift */; };
		6B0D186E2DAA8296006ADBF8 /* NSView+Extension.swift in Sources */ = {isa = PBXBuildFile; fileRef = 6B0D18432DAA8296006ADBF8 /* NSView+Extension.swift */; };
		6B0D186F2DAA8296006ADBF8 /* NSTextField+Extension.swift in Sources */ = {isa = PBXBuildFile; fileRef = 6B0D18422DAA8296006ADBF8 /* NSTextField+Extension.swift */; };
		6B0D18702DAA8296006ADBF8 /* LCDateManager.swift in Sources */ = {isa = PBXBuildFile; fileRef = 6B0D184C2DAA8296006ADBF8 /* LCDateManager.swift */; };
		6B0D18712DAA8296006ADBF8 /* LCAppReviewManager.swift in Sources */ = {isa = PBXBuildFile; fileRef = 6B0D184A2DAA8296006ADBF8 /* LCAppReviewManager.swift */; };
		6B0D18722DAA8296006ADBF8 /* VolumeInfo.swift in Sources */ = {isa = PBXBuildFile; fileRef = 6B0D18642DAA8296006ADBF8 /* VolumeInfo.swift */; };
		6B0D18732DAA8296006ADBF8 /* LCProgressHUDMaskType.swift in Sources */ = {isa = PBXBuildFile; fileRef = 6B0D18572DAA8296006ADBF8 /* LCProgressHUDMaskType.swift */; };
		6B0D18742DAA8296006ADBF8 /* NSColor+Extension.swift in Sources */ = {isa = PBXBuildFile; fileRef = 6B0D183F2DAA8296006ADBF8 /* NSColor+Extension.swift */; };
		6B0D18752DAA8296006ADBF8 /* NSWindow+Extension.swift in Sources */ = {isa = PBXBuildFile; fileRef = 6B0D18442DAA8296006ADBF8 /* NSWindow+Extension.swift */; };
		6B0D18762DAA8296006ADBF8 /* LCDiskVolumeManager.swift in Sources */ = {isa = PBXBuildFile; fileRef = 6B0D18632DAA8296006ADBF8 /* LCDiskVolumeManager.swift */; };
		6B0D18772DAA8296006ADBF8 /* LCProgressHUD.swift in Sources */ = {isa = PBXBuildFile; fileRef = 6B0D18562DAA8296006ADBF8 /* LCProgressHUD.swift */; };
		6B0D18782DAA8296006ADBF8 /* Constants.swift in Sources */ = {isa = PBXBuildFile; fileRef = 6B0D18662DAA8296006ADBF8 /* Constants.swift */; };
		6B0D18792DAA8296006ADBF8 /* LCSpeechManager.swift in Sources */ = {isa = PBXBuildFile; fileRef = 6B0D185D2DAA8296006ADBF8 /* LCSpeechManager.swift */; };
		6B0D187A2DAA8296006ADBF8 /* LCTemperatureUtils.swift in Sources */ = {isa = PBXBuildFile; fileRef = 6B0D185F2DAA8296006ADBF8 /* LCTemperatureUtils.swift */; };
		6B0D187B2DAA8296006ADBF8 /* LCAppRatingManager.swift in Sources */ = {isa = PBXBuildFile; fileRef = 6B0D18482DAA8296006ADBF8 /* LCAppRatingManager.swift */; };
		6B0D187C2DAA8296006ADBF8 /* LCURLManager.swift in Sources */ = {isa = PBXBuildFile; fileRef = 6B0D18612DAA8296006ADBF8 /* LCURLManager.swift */; };
		6B0D187D2DAA8296006ADBF8 /* NSAlert+Extension.swift in Sources */ = {isa = PBXBuildFile; fileRef = 6B0D183E2DAA8296006ADBF8 /* NSAlert+Extension.swift */; };
		6B0D187E2DAA8296006ADBF8 /* NSRect+Extension.swift in Sources */ = {isa = PBXBuildFile; fileRef = 6B0D18402DAA8296006ADBF8 /* NSRect+Extension.swift */; };
		6B0D187F2DAA8296006ADBF8 /* LCProgressHUDMode.swift in Sources */ = {isa = PBXBuildFile; fileRef = 6B0D18582DAA8296006ADBF8 /* LCProgressHUDMode.swift */; };
		6B0D18802DAA8296006ADBF8 /* LCFileAdministrator.swift in Sources */ = {isa = PBXBuildFile; fileRef = 6B0D184E2DAA8296006ADBF8 /* LCFileAdministrator.swift */; };
		6B0D18812DAA8296006ADBF8 /* LCLogFileManager.swift in Sources */ = {isa = PBXBuildFile; fileRef = 6B0D18502DAA8296006ADBF8 /* LCLogFileManager.swift */; };
		6B0D18822DAA8296006ADBF8 /* LCProgressIndicatorLayer.swift in Sources */ = {isa = PBXBuildFile; fileRef = 6B0D185B2DAA8296006ADBF8 /* LCProgressIndicatorLayer.swift */; };
		6B0D18832DAA8296006ADBF8 /* LCProgressHUDPosition.swift in Sources */ = {isa = PBXBuildFile; fileRef = 6B0D18592DAA8296006ADBF8 /* LCProgressHUDPosition.swift */; };
		6B0D18842DAA8296006ADBF8 /* LCActivityIndicatorManager.swift in Sources */ = {isa = PBXBuildFile; fileRef = 6B0D18462DAA8296006ADBF8 /* LCActivityIndicatorManager.swift */; };
		6B0D18852DAA8296006ADBF8 /* LCProgressHUD.bundle in Resources */ = {isa = PBXBuildFile; fileRef = 6B0D18542DAA8296006ADBF8 /* LCProgressHUD.bundle */; };
		6B0DE7312DDF7A4600C186F2 /* LCBaseBox.swift in Sources */ = {isa = PBXBuildFile; fileRef = 6B0DE72F2DDF7A4600C186F2 /* LCBaseBox.swift */; };
		6B0DE7DE2DE6A73D00C186F2 /* LCPopoverManager.swift in Sources */ = {isa = PBXBuildFile; fileRef = 6B0DE7DD2DE6A73D00C186F2 /* LCPopoverManager.swift */; };
		6B0DE7E12DE6AD3A00C186F2 /* LCWallpaperManager.swift in Sources */ = {isa = PBXBuildFile; fileRef = 6B0DE7E02DE6AD3A00C186F2 /* LCWallpaperManager.swift */; };
		6B17121A2E408E38000687D1 /* LCStatusItemPositionManager.swift in Sources */ = {isa = PBXBuildFile; fileRef = 6B1712182E408E38000687D1 /* LCStatusItemPositionManager.swift */; };
		6B2394212E6A755800E77BB8 /* LCGradientView.swift in Sources */ = {isa = PBXBuildFile; fileRef = 6B2394202E6A755800E77BB8 /* LCGradientView.swift */; };
		6B31E2D12ECAAAE400168A34 /* NSSplitView+Extension.swift in Sources */ = {isa = PBXBuildFile; fileRef = 6B31E2D02ECAAAE400168A34 /* NSSplitView+Extension.swift */; };
		6B31E2ED2ECAAD7F00168A34 /* LCControl.swift in Sources */ = {isa = PBXBuildFile; fileRef = 6B31E2EC2ECAAD7F00168A34 /* LCControl.swift */; };
		6B31E2F02ECAAF8C00168A34 /* LCUserDefaults.swift in Sources */ = {isa = PBXBuildFile; fileRef = 6B31E2EF2ECAAF8C00168A34 /* LCUserDefaults.swift */; };
		6B31E2F32ECAB56E00168A34 /* LCKeyboardEvents.swift in Sources */ = {isa = PBXBuildFile; fileRef = 6B31E2F22ECAB56E00168A34 /* LCKeyboardEvents.swift */; };
		6B31E2F72ECABF8D00168A34 /* NSResponder+Category.swift in Sources */ = {isa = PBXBuildFile; fileRef = 6B31E2F62ECABF8D00168A34 /* NSResponder+Category.swift */; };
		6B31E2F92ECAC38900168A34 /* NSObject+Event.swift in Sources */ = {isa = PBXBuildFile; fileRef = 6B31E2F82ECAC38900168A34 /* NSObject+Event.swift */; };
		6B31E2FC2ECAC6D800168A34 /* LCAppSecurity.swift in Sources */ = {isa = PBXBuildFile; fileRef = 6B31E2FB2ECAC6D800168A34 /* LCAppSecurity.swift */; };
		6B4242942E09043300632551 /* FileManager+Extension.swift in Sources */ = {isa = PBXBuildFile; fileRef = 6B4242932E09043300632551 /* FileManager+Extension.swift */; };
		6B4949B32EC06E6C0025B9DE /* LCAppAppearanceTool.swift in Sources */ = {isa = PBXBuildFile; fileRef = 6B4949B22EC06E6C0025B9DE /* LCAppAppearanceTool.swift */; };
		6B4A54BA2E66D83500D9D290 /* LCCustomTableRowView.swift in Sources */ = {isa = PBXBuildFile; fileRef = 6B4A54B92E66D83500D9D290 /* LCCustomTableRowView.swift */; };
		6B5CFA902DB1FE5700B96022 /* LCCursorManager.swift in Sources */ = {isa = PBXBuildFile; fileRef = 6B5CFA8E2DB1FE5700B96022 /* LCCursorManager.swift */; };
		6B5D74B02DB5FA19006F299F /* LCAESEncryptManager.swift in Sources */ = {isa = PBXBuildFile; fileRef = 6B5D74AF2DB5FA19006F299F /* LCAESEncryptManager.swift */; };
		6B6EF8812DC1BCC700997302 /* KVO.swift in Sources */ = {isa = PBXBuildFile; fileRef = 6B6EF8802DC1BCC700997302 /* KVO.swift */; };
		6B6EF8832DC1BD9500997302 /* NSImage+Extension.swift in Sources */ = {isa = PBXBuildFile; fileRef = 6B6EF8822DC1BD9500997302 /* NSImage+Extension.swift */; };
		6B70DB842E2DDD2000A371CB /* NSScrollView+Extension.swift in Sources */ = {isa = PBXBuildFile; fileRef = 6B70DB832E2DDD2000A371CB /* NSScrollView+Extension.swift */; };
		6B70DB862E2DDD6400A371CB /* NSButton+Extension.swift in Sources */ = {isa = PBXBuildFile; fileRef = 6B70DB852E2DDD6400A371CB /* NSButton+Extension.swift */; };
		6B70DB882E2DDD9D00A371CB /* NSEvent+Extension.swift in Sources */ = {isa = PBXBuildFile; fileRef = 6B70DB872E2DDD9D00A371CB /* NSEvent+Extension.swift */; };
		6B70DB8A2E2DDEAA00A371CB /* CGRect+Extension.swift in Sources */ = {isa = PBXBuildFile; fileRef = 6B70DB892E2DDEAA00A371CB /* CGRect+Extension.swift */; };
		6B70DB8C2E2DDEDF00A371CB /* CGPoint+Extension.swift in Sources */ = {isa = PBXBuildFile; fileRef = 6B70DB8B2E2DDEDF00A371CB /* CGPoint+Extension.swift */; };
		6B7A71232E68AC0D00B52D8F /* LCSystemVersionUtil.swift in Sources */ = {isa = PBXBuildFile; fileRef = 6B7A71222E68AC0D00B52D8F /* LCSystemVersionUtil.swift */; };
		6B82CB832E14D28100C79604 /* LCSystemPreferencesManager.swift in Sources */ = {isa = PBXBuildFile; fileRef = 6B82CB822E14D28100C79604 /* LCSystemPreferencesManager.swift */; };
		6B86BA5A2E1CA94000BA8D97 /* LCVolumeFeedbackManager.swift in Sources */ = {isa = PBXBuildFile; fileRef = 6B86BA592E1CA94000BA8D97 /* LCVolumeFeedbackManager.swift */; };
		6B8735CB2ED5B03A00F061AE /* LCAppChecker.swift in Sources */ = {isa = PBXBuildFile; fileRef = 6B8735C92ED5B03A00F061AE /* LCAppChecker.swift */; };
		6B8735CC2ED5B03A00F061AE /* LCAppLauncher.swift in Sources */ = {isa = PBXBuildFile; fileRef = 6B8735CA2ED5B03A00F061AE /* LCAppLauncher.swift */; };
		6B8735CE2ED5BFBD00F061AE /* LCAppInfo.swift in Sources */ = {isa = PBXBuildFile; fileRef = 6B8735CD2ED5BFBD00F061AE /* LCAppInfo.swift */; };
		6B8735D02ED5C1B600F061AE /* NSControl+Extension.swift in Sources */ = {isa = PBXBuildFile; fileRef = 6B8735CF2ED5C1B600F061AE /* NSControl+Extension.swift */; };
		6B8B8C002E6800E5007D9CCC /* LCLoginItemManager.swift in Sources */ = {isa = PBXBuildFile; fileRef = 6B8B8BFF2E6800E5007D9CCC /* LCLoginItemManager.swift */; };
		6B9DA0CC2E443B3100F13084 /* LCTableViewHelper.swift in Sources */ = {isa = PBXBuildFile; fileRef = 6B9DA0CB2E443B3100F13084 /* LCTableViewHelper.swift */; };
		6B9DA0CF2E44432600F13084 /* LCFileSizeTool.swift in Sources */ = {isa = PBXBuildFile; fileRef = 6B9DA0CE2E44432600F13084 /* LCFileSizeTool.swift */; };
		6BA392792E9D0C9B0076AFB8 /* NSView+SmoothCorner.swift in Sources */ = {isa = PBXBuildFile; fileRef = 6BA392782E9D0C9B0076AFB8 /* NSView+SmoothCorner.swift */; };
		6BAD66B42EA9DADF004A9355 /* LCTextDrawHelper.swift in Sources */ = {isa = PBXBuildFile; fileRef = 6BAD66B22EA9DADF004A9355 /* LCTextDrawHelper.swift */; };
		6BAD66B52EA9DADF004A9355 /* LCStrokeTextField.swift in Sources */ = {isa = PBXBuildFile; fileRef = 6BAD66B32EA9DADF004A9355 /* LCStrokeTextField.swift */; };
		6BAEC3012E56B9D700544957 /* LCSavePanelManager.swift in Sources */ = {isa = PBXBuildFile; fileRef = 6BAEC2FF2E56B9D700544957 /* LCSavePanelManager.swift */; };
		6BB6A0602E711BD500E81B51 /* NSImage+Color.swift in Sources */ = {isa = PBXBuildFile; fileRef = 6BB6A05F2E711BD500E81B51 /* NSImage+Color.swift */; };
		6BC2D76B2E852835003FFF43 /* LCScrollBarPreferenceManager.swift in Sources */ = {isa = PBXBuildFile; fileRef = 6BC2D76A2E852835003FFF43 /* LCScrollBarPreferenceManager.swift */; };
		6BCD07812DBFDFD000A983C7 /* LCAppearanceManager.swift in Sources */ = {isa = PBXBuildFile; fileRef = 6BCD077F2DBFDFD000A983C7 /* LCAppearanceManager.swift */; };
		6BE9B0592E04E82E00782620 /* LCAppEnvironmentDetector.swift in Sources */ = {isa = PBXBuildFile; fileRef = 6BE9B0582E04E82E00782620 /* LCAppEnvironmentDetector.swift */; };
		6BE9B05B2E04EA3F00782620 /* LCAppRunEnvironment.swift in Sources */ = {isa = PBXBuildFile; fileRef = 6BE9B05A2E04EA3F00782620 /* LCAppRunEnvironment.swift */; };
		6BEAC7612E45843B0059062B /* LCVerticalCenteredTextFieldCell.swift in Sources */ = {isa = PBXBuildFile; fileRef = 6BEAC7602E45843B0059062B /* LCVerticalCenteredTextFieldCell.swift */; };
		6BEAC7662E4590650059062B /* LCTextHighlighter.swift in Sources */ = {isa = PBXBuildFile; fileRef = 6BEAC7652E4590650059062B /* LCTextHighlighter.swift */; };
		6BF1D9C22E13E27000BCD227 /* LCWindowManager.swift in Sources */ = {isa = PBXBuildFile; fileRef = 6BF1D9C12E13E27000BCD227 /* LCWindowManager.swift */; };
		6BF1D9C72E13E7C500BCD227 /* LCCoordinatesAdministrator.swift in Sources */ = {isa = PBXBuildFile; fileRef = 6BF1D9C62E13E7C500BCD227 /* LCCoordinatesAdministrator.swift */; };
		6BF1D9C92E13F08100BCD227 /* NSMenu+Extension.swift in Sources */ = {isa = PBXBuildFile; fileRef = 6BF1D9C82E13F08100BCD227 /* NSMenu+Extension.swift */; };
		6BF39B672E17B95C001CBD6A /* LCSoundsManager.swift in Sources */ = {isa = PBXBuildFile; fileRef = 6BF39B662E17B95C001CBD6A /* LCSoundsManager.swift */; };
		6BFB54B82DEFDF5600A9B3D9 /* LCShellManager.swift in Sources */ = {isa = PBXBuildFile; fileRef = 6BFB54B72DEFDF5600A9B3D9 /* LCShellManager.swift */; };
		6BFBFC652E0C4241001D9131 /* NSView+Frame.swift in Sources */ = {isa = PBXBuildFile; fileRef = 6BFBFC642E0C4241001D9131 /* NSView+Frame.swift */; };
		6BFC100A2E5FFBBB008161D5 /* String+Extension.swift in Sources */ = {isa = PBXBuildFile; fileRef = 6BFC10092E5FFBBB008161D5 /* String+Extension.swift */; };
/* End PBXBuildFile section */

/* Begin PBXFileReference section */
		6B0D17D92DAA72B3006ADBF8 /* LCToolsKitDemo.app */ = {isa = PBXFileReference; explicitFileType = wrapper.application; includeInIndex = 0; path = LCToolsKitDemo.app; sourceTree = BUILT_PRODUCTS_DIR; };
		6B0D17EB2DAA72B9006ADBF8 /* AppDelegate.swift */ = {isa = PBXFileReference; lastKnownFileType = sourcecode.swift; path = AppDelegate.swift; sourceTree = "<group>"; };
		6B0D17EC2DAA72B9006ADBF8 /* Assets.xcassets */ = {isa = PBXFileReference; lastKnownFileType = folder.assetcatalog; path = Assets.xcassets; sourceTree = "<group>"; };
		6B0D17ED2DAA72B9006ADBF8 /* LCToolsKitDemo.entitlements */ = {isa = PBXFileReference; lastKnownFileType = text.plist.entitlements; path = LCToolsKitDemo.entitlements; sourceTree = "<group>"; };
		6B0D17EE2DAA72B9006ADBF8 /* Base */ = {isa = PBXFileReference; lastKnownFileType = file.storyboard; name = Base; path = Base.lproj/Main.storyboard; sourceTree = "<group>"; };
		6B0D17F02DAA72B9006ADBF8 /* ViewController.swift */ = {isa = PBXFileReference; lastKnownFileType = sourcecode.swift; path = ViewController.swift; sourceTree = "<group>"; };
		6B0D183E2DAA8296006ADBF8 /* NSAlert+Extension.swift */ = {isa = PBXFileReference; lastKnownFileType = sourcecode.swift; path = "NSAlert+Extension.swift"; sourceTree = "<group>"; };
		6B0D183F2DAA8296006ADBF8 /* NSColor+Extension.swift */ = {isa = PBXFileReference; lastKnownFileType = sourcecode.swift; path = "NSColor+Extension.swift"; sourceTree = "<group>"; };
		6B0D18402DAA8296006ADBF8 /* NSRect+Extension.swift */ = {isa = PBXFileReference; lastKnownFileType = sourcecode.swift; path = "NSRect+Extension.swift"; sourceTree = "<group>"; };
		6B0D18412DAA8296006ADBF8 /* NSScreen+Extension.swift */ = {isa = PBXFileReference; lastKnownFileType = sourcecode.swift; path = "NSScreen+Extension.swift"; sourceTree = "<group>"; };
		6B0D18422DAA8296006ADBF8 /* NSTextField+Extension.swift */ = {isa = PBXFileReference; lastKnownFileType = sourcecode.swift; path = "NSTextField+Extension.swift"; sourceTree = "<group>"; };
		6B0D18432DAA8296006ADBF8 /* NSView+Extension.swift */ = {isa = PBXFileReference; lastKnownFileType = sourcecode.swift; path = "NSView+Extension.swift"; sourceTree = "<group>"; };
		6B0D18442DAA8296006ADBF8 /* NSWindow+Extension.swift */ = {isa = PBXFileReference; lastKnownFileType = sourcecode.swift; path = "NSWindow+Extension.swift"; sourceTree = "<group>"; };
		6B0D18462DAA8296006ADBF8 /* LCActivityIndicatorManager.swift */ = {isa = PBXFileReference; lastKnownFileType = sourcecode.swift; path = LCActivityIndicatorManager.swift; sourceTree = "<group>"; };
		6B0D18482DAA8296006ADBF8 /* LCAppRatingManager.swift */ = {isa = PBXFileReference; lastKnownFileType = sourcecode.swift; path = LCAppRatingManager.swift; sourceTree = "<group>"; };
		6B0D184A2DAA8296006ADBF8 /* LCAppReviewManager.swift */ = {isa = PBXFileReference; lastKnownFileType = sourcecode.swift; path = LCAppReviewManager.swift; sourceTree = "<group>"; };
		6B0D184C2DAA8296006ADBF8 /* LCDateManager.swift */ = {isa = PBXFileReference; lastKnownFileType = sourcecode.swift; path = LCDateManager.swift; sourceTree = "<group>"; };
		6B0D184E2DAA8296006ADBF8 /* LCFileAdministrator.swift */ = {isa = PBXFileReference; lastKnownFileType = sourcecode.swift; path = LCFileAdministrator.swift; sourceTree = "<group>"; };
		6B0D18502DAA8296006ADBF8 /* LCLogFileManager.swift */ = {isa = PBXFileReference; lastKnownFileType = sourcecode.swift; path = LCLogFileManager.swift; sourceTree = "<group>"; };
		6B0D18522DAA8296006ADBF8 /* LCOpenPanelManager.swift */ = {isa = PBXFileReference; lastKnownFileType = sourcecode.swift; path = LCOpenPanelManager.swift; sourceTree = "<group>"; };
		6B0D18542DAA8296006ADBF8 /* LCProgressHUD.bundle */ = {isa = PBXFileReference; lastKnownFileType = "wrapper.plug-in"; path = LCProgressHUD.bundle; sourceTree = "<group>"; };
		6B0D18562DAA8296006ADBF8 /* LCProgressHUD.swift */ = {isa = PBXFileReference; lastKnownFileType = sourcecode.swift; path = LCProgressHUD.swift; sourceTree = "<group>"; };
		6B0D18572DAA8296006ADBF8 /* LCProgressHUDMaskType.swift */ = {isa = PBXFileReference; lastKnownFileType = sourcecode.swift; path = LCProgressHUDMaskType.swift; sourceTree = "<group>"; };
		6B0D18582DAA8296006ADBF8 /* LCProgressHUDMode.swift */ = {isa = PBXFileReference; lastKnownFileType = sourcecode.swift; path = LCProgressHUDMode.swift; sourceTree = "<group>"; };
		6B0D18592DAA8296006ADBF8 /* LCProgressHUDPosition.swift */ = {isa = PBXFileReference; lastKnownFileType = sourcecode.swift; path = LCProgressHUDPosition.swift; sourceTree = "<group>"; };
		6B0D185A2DAA8296006ADBF8 /* LCProgressHUDStyle.swift */ = {isa = PBXFileReference; lastKnownFileType = sourcecode.swift; path = LCProgressHUDStyle.swift; sourceTree = "<group>"; };
		6B0D185B2DAA8296006ADBF8 /* LCProgressIndicatorLayer.swift */ = {isa = PBXFileReference; lastKnownFileType = sourcecode.swift; path = LCProgressIndicatorLayer.swift; sourceTree = "<group>"; };
		6B0D185D2DAA8296006ADBF8 /* LCSpeechManager.swift */ = {isa = PBXFileReference; lastKnownFileType = sourcecode.swift; path = LCSpeechManager.swift; sourceTree = "<group>"; };
		6B0D185F2DAA8296006ADBF8 /* LCTemperatureUtils.swift */ = {isa = PBXFileReference; lastKnownFileType = sourcecode.swift; path = LCTemperatureUtils.swift; sourceTree = "<group>"; };
		6B0D18612DAA8296006ADBF8 /* LCURLManager.swift */ = {isa = PBXFileReference; lastKnownFileType = sourcecode.swift; path = LCURLManager.swift; sourceTree = "<group>"; };
		6B0D18632DAA8296006ADBF8 /* LCDiskVolumeManager.swift */ = {isa = PBXFileReference; lastKnownFileType = sourcecode.swift; path = LCDiskVolumeManager.swift; sourceTree = "<group>"; };
		6B0D18642DAA8296006ADBF8 /* VolumeInfo.swift */ = {isa = PBXFileReference; lastKnownFileType = sourcecode.swift; path = VolumeInfo.swift; sourceTree = "<group>"; };
		6B0D18662DAA8296006ADBF8 /* Constants.swift */ = {isa = PBXFileReference; lastKnownFileType = sourcecode.swift; path = Constants.swift; sourceTree = "<group>"; };
		6B0D18672DAA8296006ADBF8 /* L10n.swift */ = {isa = PBXFileReference; lastKnownFileType = sourcecode.swift; path = L10n.swift; sourceTree = "<group>"; };
		6B0DE72F2DDF7A4600C186F2 /* LCBaseBox.swift */ = {isa = PBXFileReference; lastKnownFileType = sourcecode.swift; path = LCBaseBox.swift; sourceTree = "<group>"; };
		6B0DE7DD2DE6A73D00C186F2 /* LCPopoverManager.swift */ = {isa = PBXFileReference; lastKnownFileType = sourcecode.swift; path = LCPopoverManager.swift; sourceTree = "<group>"; };
		6B0DE7E02DE6AD3A00C186F2 /* LCWallpaperManager.swift */ = {isa = PBXFileReference; lastKnownFileType = sourcecode.swift; path = LCWallpaperManager.swift; sourceTree = "<group>"; };
		6B1712182E408E38000687D1 /* LCStatusItemPositionManager.swift */ = {isa = PBXFileReference; lastKnownFileType = sourcecode.swift; path = LCStatusItemPositionManager.swift; sourceTree = "<group>"; };
		6B2394202E6A755800E77BB8 /* LCGradientView.swift */ = {isa = PBXFileReference; lastKnownFileType = sourcecode.swift; path = LCGradientView.swift; sourceTree = "<group>"; };
		6B31E2D02ECAAAE400168A34 /* NSSplitView+Extension.swift */ = {isa = PBXFileReference; lastKnownFileType = sourcecode.swift; path = "NSSplitView+Extension.swift"; sourceTree = "<group>"; };
		6B31E2EC2ECAAD7F00168A34 /* LCControl.swift */ = {isa = PBXFileReference; lastKnownFileType = sourcecode.swift; path = LCControl.swift; sourceTree = "<group>"; };
		6B31E2EF2ECAAF8C00168A34 /* LCUserDefaults.swift */ = {isa = PBXFileReference; lastKnownFileType = sourcecode.swift; path = LCUserDefaults.swift; sourceTree = "<group>"; };
		6B31E2F22ECAB56E00168A34 /* LCKeyboardEvents.swift */ = {isa = PBXFileReference; lastKnownFileType = sourcecode.swift; path = LCKeyboardEvents.swift; sourceTree = "<group>"; };
		6B31E2F62ECABF8D00168A34 /* NSResponder+Category.swift */ = {isa = PBXFileReference; lastKnownFileType = sourcecode.swift; path = "NSResponder+Category.swift"; sourceTree = "<group>"; };
		6B31E2F82ECAC38900168A34 /* NSObject+Event.swift */ = {isa = PBXFileReference; lastKnownFileType = sourcecode.swift; path = "NSObject+Event.swift"; sourceTree = "<group>"; };
		6B31E2FB2ECAC6D800168A34 /* LCAppSecurity.swift */ = {isa = PBXFileReference; lastKnownFileType = sourcecode.swift; path = LCAppSecurity.swift; sourceTree = "<group>"; };
		6B4242932E09043300632551 /* FileManager+Extension.swift */ = {isa = PBXFileReference; lastKnownFileType = sourcecode.swift; path = "FileManager+Extension.swift"; sourceTree = "<group>"; };
		6B4949B22EC06E6C0025B9DE /* LCAppAppearanceTool.swift */ = {isa = PBXFileReference; lastKnownFileType = sourcecode.swift; path = LCAppAppearanceTool.swift; sourceTree = "<group>"; };
		6B4A54B92E66D83500D9D290 /* LCCustomTableRowView.swift */ = {isa = PBXFileReference; lastKnownFileType = sourcecode.swift; path = LCCustomTableRowView.swift; sourceTree = "<group>"; };
		6B5CFA8E2DB1FE5700B96022 /* LCCursorManager.swift */ = {isa = PBXFileReference; lastKnownFileType = sourcecode.swift; path = LCCursorManager.swift; sourceTree = "<group>"; };
		6B5D74AF2DB5FA19006F299F /* LCAESEncryptManager.swift */ = {isa = PBXFileReference; lastKnownFileType = sourcecode.swift; path = LCAESEncryptManager.swift; sourceTree = "<group>"; };
		6B6EF8802DC1BCC700997302 /* KVO.swift */ = {isa = PBXFileReference; lastKnownFileType = sourcecode.swift; path = KVO.swift; sourceTree = "<group>"; };
		6B6EF8822DC1BD9500997302 /* NSImage+Extension.swift */ = {isa = PBXFileReference; lastKnownFileType = sourcecode.swift; path = "NSImage+Extension.swift"; sourceTree = "<group>"; };
		6B70DB832E2DDD2000A371CB /* NSScrollView+Extension.swift */ = {isa = PBXFileReference; lastKnownFileType = sourcecode.swift; path = "NSScrollView+Extension.swift"; sourceTree = "<group>"; };
		6B70DB852E2DDD6400A371CB /* NSButton+Extension.swift */ = {isa = PBXFileReference; lastKnownFileType = sourcecode.swift; path = "NSButton+Extension.swift"; sourceTree = "<group>"; };
		6B70DB872E2DDD9D00A371CB /* NSEvent+Extension.swift */ = {isa = PBXFileReference; lastKnownFileType = sourcecode.swift; path = "NSEvent+Extension.swift"; sourceTree = "<group>"; };
		6B70DB892E2DDEAA00A371CB /* CGRect+Extension.swift */ = {isa = PBXFileReference; lastKnownFileType = sourcecode.swift; path = "CGRect+Extension.swift"; sourceTree = "<group>"; };
		6B70DB8B2E2DDEDF00A371CB /* CGPoint+Extension.swift */ = {isa = PBXFileReference; lastKnownFileType = sourcecode.swift; path = "CGPoint+Extension.swift"; sourceTree = "<group>"; };
		6B7A71222E68AC0D00B52D8F /* LCSystemVersionUtil.swift */ = {isa = PBXFileReference; lastKnownFileType = sourcecode.swift; path = LCSystemVersionUtil.swift; sourceTree = "<group>"; };
		6B82CB822E14D28100C79604 /* LCSystemPreferencesManager.swift */ = {isa = PBXFileReference; lastKnownFileType = sourcecode.swift; path = LCSystemPreferencesManager.swift; sourceTree = "<group>"; };
		6B86BA592E1CA94000BA8D97 /* LCVolumeFeedbackManager.swift */ = {isa = PBXFileReference; lastKnownFileType = sourcecode.swift; path = LCVolumeFeedbackManager.swift; sourceTree = "<group>"; };
		6B8735C92ED5B03A00F061AE /* LCAppChecker.swift */ = {isa = PBXFileReference; lastKnownFileType = sourcecode.swift; path = LCAppChecker.swift; sourceTree = "<group>"; };
		6B8735CA2ED5B03A00F061AE /* LCAppLauncher.swift */ = {isa = PBXFileReference; lastKnownFileType = sourcecode.swift; path = LCAppLauncher.swift; sourceTree = "<group>"; };
		6B8735CD2ED5BFBD00F061AE /* LCAppInfo.swift */ = {isa = PBXFileReference; lastKnownFileType = sourcecode.swift; path = LCAppInfo.swift; sourceTree = "<group>"; };
		6B8735CF2ED5C1B600F061AE /* NSControl+Extension.swift */ = {isa = PBXFileReference; lastKnownFileType = sourcecode.swift; path = "NSControl+Extension.swift"; sourceTree = "<group>"; };
		6B8B8BFF2E6800E5007D9CCC /* LCLoginItemManager.swift */ = {isa = PBXFileReference; lastKnownFileType = sourcecode.swift; path = LCLoginItemManager.swift; sourceTree = "<group>"; };
		6B9DA0CB2E443B3100F13084 /* LCTableViewHelper.swift */ = {isa = PBXFileReference; lastKnownFileType = sourcecode.swift; path = LCTableViewHelper.swift; sourceTree = "<group>"; };
		6B9DA0CE2E44432600F13084 /* LCFileSizeTool.swift */ = {isa = PBXFileReference; lastKnownFileType = sourcecode.swift; path = LCFileSizeTool.swift; sourceTree = "<group>"; };
		6BA392782E9D0C9B0076AFB8 /* NSView+SmoothCorner.swift */ = {isa = PBXFileReference; lastKnownFileType = sourcecode.swift; path = "NSView+SmoothCorner.swift"; sourceTree = "<group>"; };
		6BAD66B22EA9DADF004A9355 /* LCTextDrawHelper.swift */ = {isa = PBXFileReference; lastKnownFileType = sourcecode.swift; path = LCTextDrawHelper.swift; sourceTree = "<group>"; };
		6BAD66B32EA9DADF004A9355 /* LCStrokeTextField.swift */ = {isa = PBXFileReference; lastKnownFileType = sourcecode.swift; path = LCStrokeTextField.swift; sourceTree = "<group>"; };
		6BAEC2FF2E56B9D700544957 /* LCSavePanelManager.swift */ = {isa = PBXFileReference; lastKnownFileType = sourcecode.swift; path = LCSavePanelManager.swift; sourceTree = "<group>"; };
		6BB6A05F2E711BD500E81B51 /* NSImage+Color.swift */ = {isa = PBXFileReference; lastKnownFileType = sourcecode.swift; path = "NSImage+Color.swift"; sourceTree = "<group>"; };
		6BC2D76A2E852835003FFF43 /* LCScrollBarPreferenceManager.swift */ = {isa = PBXFileReference; lastKnownFileType = sourcecode.swift; path = LCScrollBarPreferenceManager.swift; sourceTree = "<group>"; };
		6BCD077F2DBFDFD000A983C7 /* LCAppearanceManager.swift */ = {isa = PBXFileReference; lastKnownFileType = sourcecode.swift; path = LCAppearanceManager.swift; sourceTree = "<group>"; };
		6BE9B0582E04E82E00782620 /* LCAppEnvironmentDetector.swift */ = {isa = PBXFileReference; lastKnownFileType = sourcecode.swift; path = LCAppEnvironmentDetector.swift; sourceTree = "<group>"; };
		6BE9B05A2E04EA3F00782620 /* LCAppRunEnvironment.swift */ = {isa = PBXFileReference; lastKnownFileType = sourcecode.swift; path = LCAppRunEnvironment.swift; sourceTree = "<group>"; };
		6BEAC7602E45843B0059062B /* LCVerticalCenteredTextFieldCell.swift */ = {isa = PBXFileReference; lastKnownFileType = sourcecode.swift; path = LCVerticalCenteredTextFieldCell.swift; sourceTree = "<group>"; };
		6BEAC7652E4590650059062B /* LCTextHighlighter.swift */ = {isa = PBXFileReference; lastKnownFileType = sourcecode.swift; path = LCTextHighlighter.swift; sourceTree = "<group>"; };
		6BF17FFA2EACBD6900585CEE /* String+Hash.swift */ = {isa = PBXFileReference; lastKnownFileType = sourcecode.swift; path = "String+Hash.swift"; sourceTree = "<group>"; };
		6BF1D9C12E13E27000BCD227 /* LCWindowManager.swift */ = {isa = PBXFileReference; lastKnownFileType = sourcecode.swift; path = LCWindowManager.swift; sourceTree = "<group>"; };
		6BF1D9C62E13E7C500BCD227 /* LCCoordinatesAdministrator.swift */ = {isa = PBXFileReference; lastKnownFileType = sourcecode.swift; path = LCCoordinatesAdministrator.swift; sourceTree = "<group>"; };
		6BF1D9C82E13F08100BCD227 /* NSMenu+Extension.swift */ = {isa = PBXFileReference; lastKnownFileType = sourcecode.swift; path = "NSMenu+Extension.swift"; sourceTree = "<group>"; };
		6BF39B662E17B95C001CBD6A /* LCSoundsManager.swift */ = {isa = PBXFileReference; lastKnownFileType = sourcecode.swift; path = LCSoundsManager.swift; sourceTree = "<group>"; };
		6BFB54B72DEFDF5600A9B3D9 /* LCShellManager.swift */ = {isa = PBXFileReference; lastKnownFileType = sourcecode.swift; path = LCShellManager.swift; sourceTree = "<group>"; };
		6BFBFC642E0C4241001D9131 /* NSView+Frame.swift */ = {isa = PBXFileReference; lastKnownFileType = sourcecode.swift; path = "NSView+Frame.swift"; sourceTree = "<group>"; };
		6BFC10092E5FFBBB008161D5 /* String+Extension.swift */ = {isa = PBXFileReference; lastKnownFileType = sourcecode.swift; path = "String+Extension.swift"; sourceTree = "<group>"; };
/* End PBXFileReference section */

/* Begin PBXFrameworksBuildPhase section */
		6B0D17D62DAA72B3006ADBF8 /* Frameworks */ = {
			isa = PBXFrameworksBuildPhase;
			buildActionMask = 2147483647;
			files = (
			);
			runOnlyForDeploymentPostprocessing = 0;
		};
/* End PBXFrameworksBuildPhase section */

/* Begin PBXGroup section */
		6B0D17D02DAA72B3006ADBF8 = {
			isa = PBXGroup;
			children = (
				6B0D17F12DAA72B9006ADBF8 /* LCToolsKitDemo */,
				6B0D17DA2DAA72B3006ADBF8 /* Products */,
			);
			sourceTree = "<group>";
		};
		6B0D17DA2DAA72B3006ADBF8 /* Products */ = {
			isa = PBXGroup;
			children = (
				6B0D17D92DAA72B3006ADBF8 /* LCToolsKitDemo.app */,
			);
			name = Products;
			sourceTree = "<group>";
		};
		6B0D17F12DAA72B9006ADBF8 /* LCToolsKitDemo */ = {
			isa = PBXGroup;
			children = (
				6B0D17EB2DAA72B9006ADBF8 /* AppDelegate.swift */,
				6B0D17EC2DAA72B9006ADBF8 /* Assets.xcassets */,
				6B0D17ED2DAA72B9006ADBF8 /* LCToolsKitDemo.entitlements */,
				6B0D17EF2DAA72B9006ADBF8 /* Main.storyboard */,
				6B0D17F02DAA72B9006ADBF8 /* ViewController.swift */,
				6B0D18692DAA8296006ADBF8 /* LCToolsKit */,
			);
			path = LCToolsKitDemo;
			sourceTree = "<group>";
		};
		6B0D18452DAA8296006ADBF8 /* Extension */ = {
			isa = PBXGroup;
			children = (
				6B70DB892E2DDEAA00A371CB /* CGRect+Extension.swift */,
				6B70DB8B2E2DDEDF00A371CB /* CGPoint+Extension.swift */,
				6BFC10092E5FFBBB008161D5 /* String+Extension.swift */,
				6BF17FFA2EACBD6900585CEE /* String+Hash.swift */,
				6B0D183E2DAA8296006ADBF8 /* NSAlert+Extension.swift */,
				6B70DB852E2DDD6400A371CB /* NSButton+Extension.swift */,
				6B0D183F2DAA8296006ADBF8 /* NSColor+Extension.swift */,
				6B31E2F62ECABF8D00168A34 /* NSResponder+Category.swift */,
				6B70DB872E2DDD9D00A371CB /* NSEvent+Extension.swift */,
				6B8735CF2ED5C1B600F061AE /* NSControl+Extension.swift */,
				6B31E2F82ECAC38900168A34 /* NSObject+Event.swift */,
				6B6EF8822DC1BD9500997302 /* NSImage+Extension.swift */,
				6BB6A05F2E711BD500E81B51 /* NSImage+Color.swift */,
				6B0D18402DAA8296006ADBF8 /* NSRect+Extension.swift */,
				6B0D18412DAA8296006ADBF8 /* NSScreen+Extension.swift */,
				6B31E2D02ECAAAE400168A34 /* NSSplitView+Extension.swift */,
				6B70DB832E2DDD2000A371CB /* NSScrollView+Extension.swift */,
				6B0D18422DAA8296006ADBF8 /* NSTextField+Extension.swift */,
				6B0D18432DAA8296006ADBF8 /* NSView+Extension.swift */,
				6BFBFC642E0C4241001D9131 /* NSView+Frame.swift */,
				6BA392782E9D0C9B0076AFB8 /* NSView+SmoothCorner.swift */,
				6BF1D9C82E13F08100BCD227 /* NSMenu+Extension.swift */,
				6B0D18442DAA8296006ADBF8 /* NSWindow+Extension.swift */,
				6B4242932E09043300632551 /* FileManager+Extension.swift */,
			);
			path = Extension;
			sourceTree = "<group>";
		};
		6B0D18472DAA8296006ADBF8 /* LCActivityIndicatorManager */ = {
			isa = PBXGroup;
			children = (
				6B0D18462DAA8296006ADBF8 /* LCActivityIndicatorManager.swift */,
			);
			path = LCActivityIndicatorManager;
			sourceTree = "<group>";
		};
		6B0D18492DAA8296006ADBF8 /* LCAppRatingManager */ = {
			isa = PBXGroup;
			children = (
				6B0D18482DAA8296006ADBF8 /* LCAppRatingManager.swift */,
			);
			path = LCAppRatingManager;
			sourceTree = "<group>";
		};
		6B0D184B2DAA8296006ADBF8 /* LCAppReviewManager */ = {
			isa = PBXGroup;
			children = (
				6B0D184A2DAA8296006ADBF8 /* LCAppReviewManager.swift */,
			);
			path = LCAppReviewManager;
			sourceTree = "<group>";
		};
		6B0D184D2DAA8296006ADBF8 /* LCDateManager */ = {
			isa = PBXGroup;
			children = (
				6B0D184C2DAA8296006ADBF8 /* LCDateManager.swift */,
			);
			path = LCDateManager;
			sourceTree = "<group>";
		};
		6B0D184F2DAA8296006ADBF8 /* LCFileAdministrator */ = {
			isa = PBXGroup;
			children = (
				6B0D184E2DAA8296006ADBF8 /* LCFileAdministrator.swift */,
			);
			path = LCFileAdministrator;
			sourceTree = "<group>";
		};
		6B0D18512DAA8296006ADBF8 /* LCLogFileManager */ = {
			isa = PBXGroup;
			children = (
				6B0D18502DAA8296006ADBF8 /* LCLogFileManager.swift */,
			);
			path = LCLogFileManager;
			sourceTree = "<group>";
		};
		6B0D18532DAA8296006ADBF8 /* LCOpenPanelManager */ = {
			isa = PBXGroup;
			children = (
				6B0D18522DAA8296006ADBF8 /* LCOpenPanelManager.swift */,
			);
			path = LCOpenPanelManager;
			sourceTree = "<group>";
		};
		6B0D18552DAA8296006ADBF8 /* Resources */ = {
			isa = PBXGroup;
			children = (
				6B0D18542DAA8296006ADBF8 /* LCProgressHUD.bundle */,
			);
			path = Resources;
			sourceTree = "<group>";
		};
		6B0D185C2DAA8296006ADBF8 /* LCProgressHUD */ = {
			isa = PBXGroup;
			children = (
				6B0D18552DAA8296006ADBF8 /* Resources */,
				6B0D18562DAA8296006ADBF8 /* LCProgressHUD.swift */,
				6B0D18572DAA8296006ADBF8 /* LCProgressHUDMaskType.swift */,
				6B0D18582DAA8296006ADBF8 /* LCProgressHUDMode.swift */,
				6B0D18592DAA8296006ADBF8 /* LCProgressHUDPosition.swift */,
				6B0D185A2DAA8296006ADBF8 /* LCProgressHUDStyle.swift */,
				6B0D185B2DAA8296006ADBF8 /* LCProgressIndicatorLayer.swift */,
			);
			path = LCProgressHUD;
			sourceTree = "<group>";
		};
		6B0D185E2DAA8296006ADBF8 /* LCSpeechManager */ = {
			isa = PBXGroup;
			children = (
				6B0D185D2DAA8296006ADBF8 /* LCSpeechManager.swift */,
			);
			path = LCSpeechManager;
			sourceTree = "<group>";
		};
		6B0D18602DAA8296006ADBF8 /* LCTemperatureUtils */ = {
			isa = PBXGroup;
			children = (
				6B0D185F2DAA8296006ADBF8 /* LCTemperatureUtils.swift */,
			);
			path = LCTemperatureUtils;
			sourceTree = "<group>";
		};
		6B0D18622DAA8296006ADBF8 /* LCURLManager */ = {
			isa = PBXGroup;
			children = (
				6B0D18612DAA8296006ADBF8 /* LCURLManager.swift */,
			);
			path = LCURLManager;
			sourceTree = "<group>";
		};
		6B0D18652DAA8296006ADBF8 /* LCDiskVolumeManager */ = {
			isa = PBXGroup;
			children = (
				6B0D18632DAA8296006ADBF8 /* LCDiskVolumeManager.swift */,
				6B0D18642DAA8296006ADBF8 /* VolumeInfo.swift */,
			);
			path = LCDiskVolumeManager;
			sourceTree = "<group>";
		};
		6B0D18682DAA8296006ADBF8 /* Other */ = {
			isa = PBXGroup;
			children = (
				6B0D18662DAA8296006ADBF8 /* Constants.swift */,
				6B0D18672DAA8296006ADBF8 /* L10n.swift */,
				6B6EF8802DC1BCC700997302 /* KVO.swift */,
			);
			path = Other;
			sourceTree = "<group>";
		};
		6B0D18692DAA8296006ADBF8 /* LCToolsKit */ = {
			isa = PBXGroup;
			children = (
				6B8735C82ED5AFF700F061AE /* LCAppKit */,
				6B31E2FA2ECAC69600168A34 /* LCAppSecurity */,
				6B31E2F12ECAB55300168A34 /* LCKeyboardEvents */,
				6B31E2EE2ECAAF8200168A34 /* LCUserDefaults */,
				6B31E2EB2ECAAD7000168A34 /* LCControl */,
				6BC2D7692E85282B003FFF43 /* LCScrollBarPreferenceManager */,
				6B7A71212E68AC0100B52D8F /* LCSystemVersionUtil */,
				6B8B8BFE2E6800DA007D9CCC /* LCLoginItemManager */,
				6B4A54B82E66D7F400D9D290 /* LCCustomTableRowView */,
				6BAEC3002E56B9D700544957 /* LCSavePanelManager */,
				6BEAC7642E45905A0059062B /* LCTextHighlighter */,
				6BEAC75F2E4584310059062B /* LCTextField */,
				6B9DA0CD2E44431C00F13084 /* LCFileSizeTool */,
				6B9DA0CA2E443B2A00F13084 /* LCTableViewHelper */,
				6B1712192E408E38000687D1 /* LCStatusItemPositionManager */,
				6BF39B652E17B94A001CBD6A /* LCSoundsManager */,
				6B82CB812E14D27A00C79604 /* LCSystemPreferencesManager */,
				6BF1D9C32E13E78600BCD227 /* LCCoordinatesAdministrator */,
				6BF1D9C02E13E26700BCD227 /* LCWindowManager */,
				6BE9B0572E04E7F500782620 /* LCAppEnvironmentDetector */,
				6BFB54B62DEFDF4500A9B3D9 /* LCShellManager */,
				6BCD07802DBFDFD000A983C7 /* LCAppearanceManager */,
				6B0DE7DF2DE6AD3900C186F2 /* LCWallpaperManager */,
				6B0DE7DC2DE6A72700C186F2 /* LCPopoverManager */,
				6B23941F2E6A754C00E77BB8 /* LCGradientView */,
				6B0DE7302DDF7A4600C186F2 /* LCBaseBox */,
				6B5D74AD2DB5F9D5006F299F /* LCAESEncryptManager */,
				6B5CFA8F2DB1FE5700B96022 /* LCCursorManager */,
				6B0D18472DAA8296006ADBF8 /* LCActivityIndicatorManager */,
				6B0D18492DAA8296006ADBF8 /* LCAppRatingManager */,
				6B0D184B2DAA8296006ADBF8 /* LCAppReviewManager */,
				6B0D184D2DAA8296006ADBF8 /* LCDateManager */,
				6B0D184F2DAA8296006ADBF8 /* LCFileAdministrator */,
				6B0D18512DAA8296006ADBF8 /* LCLogFileManager */,
				6B0D18532DAA8296006ADBF8 /* LCOpenPanelManager */,
				6B0D185C2DAA8296006ADBF8 /* LCProgressHUD */,
				6B0D185E2DAA8296006ADBF8 /* LCSpeechManager */,
				6B0D18602DAA8296006ADBF8 /* LCTemperatureUtils */,
				6B0D18622DAA8296006ADBF8 /* LCURLManager */,
				6B0D18652DAA8296006ADBF8 /* LCDiskVolumeManager */,
				6B0D18452DAA8296006ADBF8 /* Extension */,
				6B0D18682DAA8296006ADBF8 /* Other */,
			);
			name = LCToolsKit;
			path = ../Sources/LCToolsKit;
			sourceTree = SOURCE_ROOT;
		};
		6B0DE7302DDF7A4600C186F2 /* LCBaseBox */ = {
			isa = PBXGroup;
			children = (
				6B0DE72F2DDF7A4600C186F2 /* LCBaseBox.swift */,
			);
			path = LCBaseBox;
			sourceTree = "<group>";
		};
		6B0DE7DC2DE6A72700C186F2 /* LCPopoverManager */ = {
			isa = PBXGroup;
			children = (
				6B0DE7DD2DE6A73D00C186F2 /* LCPopoverManager.swift */,
			);
			path = LCPopoverManager;
			sourceTree = "<group>";
		};
		6B0DE7DF2DE6AD3900C186F2 /* LCWallpaperManager */ = {
			isa = PBXGroup;
			children = (
				6B0DE7E02DE6AD3A00C186F2 /* LCWallpaperManager.swift */,
			);
			path = LCWallpaperManager;
			sourceTree = "<group>";
		};
		6B1712192E408E38000687D1 /* LCStatusItemPositionManager */ = {
			isa = PBXGroup;
			children = (
				6B1712182E408E38000687D1 /* LCStatusItemPositionManager.swift */,
			);
			path = LCStatusItemPositionManager;
			sourceTree = "<group>";
		};
		6B23941F2E6A754C00E77BB8 /* LCGradientView */ = {
			isa = PBXGroup;
			children = (
				6B2394202E6A755800E77BB8 /* LCGradientView.swift */,
			);
			path = LCGradientView;
			sourceTree = "<group>";
		};
		6B31E2EB2ECAAD7000168A34 /* LCControl */ = {
			isa = PBXGroup;
			children = (
				6B31E2EC2ECAAD7F00168A34 /* LCControl.swift */,
			);
			path = LCControl;
			sourceTree = "<group>";
		};
		6B31E2EE2ECAAF8200168A34 /* LCUserDefaults */ = {
			isa = PBXGroup;
			children = (
				6B31E2EF2ECAAF8C00168A34 /* LCUserDefaults.swift */,
			);
			path = LCUserDefaults;
			sourceTree = "<group>";
		};
		6B31E2F12ECAB55300168A34 /* LCKeyboardEvents */ = {
			isa = PBXGroup;
			children = (
				6B31E2F22ECAB56E00168A34 /* LCKeyboardEvents.swift */,
			);
			path = LCKeyboardEvents;
			sourceTree = "<group>";
		};
		6B31E2FA2ECAC69600168A34 /* LCAppSecurity */ = {
			isa = PBXGroup;
			children = (
				6B31E2FB2ECAC6D800168A34 /* LCAppSecurity.swift */,
			);
			path = LCAppSecurity;
			sourceTree = "<group>";
		};
		6B4A54B82E66D7F400D9D290 /* LCCustomTableRowView */ = {
			isa = PBXGroup;
			children = (
				6B4A54B92E66D83500D9D290 /* LCCustomTableRowView.swift */,
			);
			path = LCCustomTableRowView;
			sourceTree = "<group>";
		};
		6B5CFA8F2DB1FE5700B96022 /* LCCursorManager */ = {
			isa = PBXGroup;
			children = (
				6B5CFA8E2DB1FE5700B96022 /* LCCursorManager.swift */,
			);
			path = LCCursorManager;
			sourceTree = "<group>";
		};
		6B5D74AD2DB5F9D5006F299F /* LCAESEncryptManager */ = {
			isa = PBXGroup;
			children = (
				6B5D74AF2DB5FA19006F299F /* LCAESEncryptManager.swift */,
			);
			path = LCAESEncryptManager;
			sourceTree = "<group>";
		};
		6B7A71212E68AC0100B52D8F /* LCSystemVersionUtil */ = {
			isa = PBXGroup;
			children = (
				6B7A71222E68AC0D00B52D8F /* LCSystemVersionUtil.swift */,
			);
			path = LCSystemVersionUtil;
			sourceTree = "<group>";
		};
		6B82CB812E14D27A00C79604 /* LCSystemPreferencesManager */ = {
			isa = PBXGroup;
			children = (
				6B82CB822E14D28100C79604 /* LCSystemPreferencesManager.swift */,
			);
			path = LCSystemPreferencesManager;
			sourceTree = "<group>";
		};
		6B8735C82ED5AFF700F061AE /* LCAppKit */ = {
			isa = PBXGroup;
			children = (
				6B8735CD2ED5BFBD00F061AE /* LCAppInfo.swift */,
				6B8735C92ED5B03A00F061AE /* LCAppChecker.swift */,
				6B8735CA2ED5B03A00F061AE /* LCAppLauncher.swift */,
			);
			path = LCAppKit;
			sourceTree = "<group>";
		};
		6B8B8BFE2E6800DA007D9CCC /* LCLoginItemManager */ = {
			isa = PBXGroup;
			children = (
				6B8B8BFF2E6800E5007D9CCC /* LCLoginItemManager.swift */,
			);
			path = LCLoginItemManager;
			sourceTree = "<group>";
		};
		6B9DA0CA2E443B2A00F13084 /* LCTableViewHelper */ = {
			isa = PBXGroup;
			children = (
				6B9DA0CB2E443B3100F13084 /* LCTableViewHelper.swift */,
			);
			path = LCTableViewHelper;
			sourceTree = "<group>";
		};
		6B9DA0CD2E44431C00F13084 /* LCFileSizeTool */ = {
			isa = PBXGroup;
			children = (
				6B9DA0CE2E44432600F13084 /* LCFileSizeTool.swift */,
			);
			path = LCFileSizeTool;
			sourceTree = "<group>";
		};
		6BAEC3002E56B9D700544957 /* LCSavePanelManager */ = {
			isa = PBXGroup;
			children = (
				6BAEC2FF2E56B9D700544957 /* LCSavePanelManager.swift */,
			);
			path = LCSavePanelManager;
			sourceTree = "<group>";
		};
		6BC2D7692E85282B003FFF43 /* LCScrollBarPreferenceManager */ = {
			isa = PBXGroup;
			children = (
				6BC2D76A2E852835003FFF43 /* LCScrollBarPreferenceManager.swift */,
			);
			path = LCScrollBarPreferenceManager;
			sourceTree = "<group>";
		};
		6BCD07802DBFDFD000A983C7 /* LCAppearanceManager */ = {
			isa = PBXGroup;
			children = (
				6BCD077F2DBFDFD000A983C7 /* LCAppearanceManager.swift */,
				6B4949B22EC06E6C0025B9DE /* LCAppAppearanceTool.swift */,
			);
			path = LCAppearanceManager;
			sourceTree = "<group>";
		};
		6BE9B0572E04E7F500782620 /* LCAppEnvironmentDetector */ = {
			isa = PBXGroup;
			children = (
				6BE9B0582E04E82E00782620 /* LCAppEnvironmentDetector.swift */,
				6BE9B05A2E04EA3F00782620 /* LCAppRunEnvironment.swift */,
			);
			path = LCAppEnvironmentDetector;
			sourceTree = "<group>";
		};
		6BEAC75F2E4584310059062B /* LCTextField */ = {
			isa = PBXGroup;
			children = (
				6BEAC7602E45843B0059062B /* LCVerticalCenteredTextFieldCell.swift */,
				6BAD66B22EA9DADF004A9355 /* LCTextDrawHelper.swift */,
				6BAD66B32EA9DADF004A9355 /* LCStrokeTextField.swift */,
			);
			path = LCTextField;
			sourceTree = "<group>";
		};
		6BEAC7642E45905A0059062B /* LCTextHighlighter */ = {
			isa = PBXGroup;
			children = (
				6BEAC7652E4590650059062B /* LCTextHighlighter.swift */,
			);
			path = LCTextHighlighter;
			sourceTree = "<group>";
		};
		6BF1D9C02E13E26700BCD227 /* LCWindowManager */ = {
			isa = PBXGroup;
			children = (
				6BF1D9C12E13E27000BCD227 /* LCWindowManager.swift */,
			);
			path = LCWindowManager;
			sourceTree = "<group>";
		};
		6BF1D9C32E13E78600BCD227 /* LCCoordinatesAdministrator */ = {
			isa = PBXGroup;
			children = (
				6BF1D9C62E13E7C500BCD227 /* LCCoordinatesAdministrator.swift */,
			);
			path = LCCoordinatesAdministrator;
			sourceTree = "<group>";
		};
		6BF39B652E17B94A001CBD6A /* LCSoundsManager */ = {
			isa = PBXGroup;
			children = (
				6BF39B662E17B95C001CBD6A /* LCSoundsManager.swift */,
				6B86BA592E1CA94000BA8D97 /* LCVolumeFeedbackManager.swift */,
			);
			path = LCSoundsManager;
			sourceTree = "<group>";
		};
		6BFB54B62DEFDF4500A9B3D9 /* LCShellManager */ = {
			isa = PBXGroup;
			children = (
				6BFB54B72DEFDF5600A9B3D9 /* LCShellManager.swift */,
			);
			path = LCShellManager;
			sourceTree = "<group>";
		};
/* End PBXGroup section */

/* Begin PBXNativeTarget section */
		6B0D17D82DAA72B3006ADBF8 /* LCToolsKitDemo */ = {
			isa = PBXNativeTarget;
			buildConfigurationList = 6B0D17E82DAA72B4006ADBF8 /* Build configuration list for PBXNativeTarget "LCToolsKitDemo" */;
			buildPhases = (
				6B0D17D52DAA72B3006ADBF8 /* Sources */,
				6B0D17D62DAA72B3006ADBF8 /* Frameworks */,
				6B0D17D72DAA72B3006ADBF8 /* Resources */,
			);
			buildRules = (
			);
			dependencies = (
			);
			name = LCToolsKitDemo;
			packageProductDependencies = (
			);
			productName = LCToolsKitDemo;
			productReference = 6B0D17D92DAA72B3006ADBF8 /* LCToolsKitDemo.app */;
			productType = "com.apple.product-type.application";
		};
/* End PBXNativeTarget section */

/* Begin PBXProject section */
		6B0D17D12DAA72B3006ADBF8 /* Project object */ = {
			isa = PBXProject;
			attributes = {
				BuildIndependentTargetsInParallel = 1;
				LastSwiftUpdateCheck = 1620;
				LastUpgradeCheck = 1620;
				TargetAttributes = {
					6B0D17D82DAA72B3006ADBF8 = {
						CreatedOnToolsVersion = 16.2;
					};
				};
			};
			buildConfigurationList = 6B0D17D42DAA72B3006ADBF8 /* Build configuration list for PBXProject "LCToolsKitDemo" */;
			developmentRegion = en;
			hasScannedForEncodings = 0;
			knownRegions = (
				en,
				Base,
			);
			mainGroup = 6B0D17D02DAA72B3006ADBF8;
			minimizedProjectReferenceProxies = 1;
			preferredProjectObjectVersion = 77;
			productRefGroup = 6B0D17DA2DAA72B3006ADBF8 /* Products */;
			projectDirPath = "";
			projectRoot = "";
			targets = (
				6B0D17D82DAA72B3006ADBF8 /* LCToolsKitDemo */,
			);
		};
/* End PBXProject section */

/* Begin PBXResourcesBuildPhase section */
		6B0D17D72DAA72B3006ADBF8 /* Resources */ = {
			isa = PBXResourcesBuildPhase;
			buildActionMask = 2147483647;
			files = (
				6B0D17F42DAA72B9006ADBF8 /* Assets.xcassets in Resources */,
				6B0D18852DAA8296006ADBF8 /* LCProgressHUD.bundle in Resources */,
				6B0D17F52DAA72B9006ADBF8 /* Main.storyboard in Resources */,
			);
			runOnlyForDeploymentPostprocessing = 0;
		};
/* End PBXResourcesBuildPhase section */

/* Begin PBXSourcesBuildPhase section */
		6B0D17D52DAA72B3006ADBF8 /* Sources */ = {
			isa = PBXSourcesBuildPhase;
			buildActionMask = 2147483647;
			files = (
				6B0D17F22DAA72B9006ADBF8 /* AppDelegate.swift in Sources */,
				6B0DE7312DDF7A4600C186F2 /* LCBaseBox.swift in Sources */,
				6B0D186A2DAA8296006ADBF8 /* LCOpenPanelManager.swift in Sources */,
				6B70DB842E2DDD2000A371CB /* NSScrollView+Extension.swift in Sources */,
				6B0D186B2DAA8296006ADBF8 /* NSScreen+Extension.swift in Sources */,
				6BF1D9C92E13F08100BCD227 /* NSMenu+Extension.swift in Sources */,
				6B0D186C2DAA8296006ADBF8 /* L10n.swift in Sources */,
				6B2394212E6A755800E77BB8 /* LCGradientView.swift in Sources */,
				6B0D186D2DAA8296006ADBF8 /* LCProgressHUDStyle.swift in Sources */,
				6B5D74B02DB5FA19006F299F /* LCAESEncryptManager.swift in Sources */,
				6B0D186E2DAA8296006ADBF8 /* NSView+Extension.swift in Sources */,
				6B8735CB2ED5B03A00F061AE /* LCAppChecker.swift in Sources */,
				6B8735CC2ED5B03A00F061AE /* LCAppLauncher.swift in Sources */,
				6BE9B0592E04E82E00782620 /* LCAppEnvironmentDetector.swift in Sources */,
				6B0D186F2DAA8296006ADBF8 /* NSTextField+Extension.swift in Sources */,
				6BF1D9C22E13E27000BCD227 /* LCWindowManager.swift in Sources */,
				6B6EF8832DC1BD9500997302 /* NSImage+Extension.swift in Sources */,
				6B6EF8812DC1BCC700997302 /* KVO.swift in Sources */,
				6B31E2FC2ECAC6D800168A34 /* LCAppSecurity.swift in Sources */,
				6B82CB832E14D28100C79604 /* LCSystemPreferencesManager.swift in Sources */,
				6BAEC3012E56B9D700544957 /* LCSavePanelManager.swift in Sources */,
				6B0D18702DAA8296006ADBF8 /* LCDateManager.swift in Sources */,
				6B70DB8A2E2DDEAA00A371CB /* CGRect+Extension.swift in Sources */,
				6B0D18712DAA8296006ADBF8 /* LCAppReviewManager.swift in Sources */,
				6BE9B05B2E04EA3F00782620 /* LCAppRunEnvironment.swift in Sources */,
				6B86BA5A2E1CA94000BA8D97 /* LCVolumeFeedbackManager.swift in Sources */,
				6B0D18722DAA8296006ADBF8 /* VolumeInfo.swift in Sources */,
				6B0D18732DAA8296006ADBF8 /* LCProgressHUDMaskType.swift in Sources */,
				6BEAC7612E45843B0059062B /* LCVerticalCenteredTextFieldCell.swift in Sources */,
				6BFB54B82DEFDF5600A9B3D9 /* LCShellManager.swift in Sources */,
				6B7A71232E68AC0D00B52D8F /* LCSystemVersionUtil.swift in Sources */,
				6B0D18742DAA8296006ADBF8 /* NSColor+Extension.swift in Sources */,
				6B5CFA902DB1FE5700B96022 /* LCCursorManager.swift in Sources */,
				6BFC100A2E5FFBBB008161D5 /* String+Extension.swift in Sources */,
				6B70DB8C2E2DDEDF00A371CB /* CGPoint+Extension.swift in Sources */,
				6BCD07812DBFDFD000A983C7 /* LCAppearanceManager.swift in Sources */,
				6BAD66B42EA9DADF004A9355 /* LCTextDrawHelper.swift in Sources */,
				6B31E2ED2ECAAD7F00168A34 /* LCControl.swift in Sources */,
				6B4949B32EC06E6C0025B9DE /* LCAppAppearanceTool.swift in Sources */,
				6BAD66B52EA9DADF004A9355 /* LCStrokeTextField.swift in Sources */,
				6B0DE7DE2DE6A73D00C186F2 /* LCPopoverManager.swift in Sources */,
				6BA392792E9D0C9B0076AFB8 /* NSView+SmoothCorner.swift in Sources */,
				6B0D18752DAA8296006ADBF8 /* NSWindow+Extension.swift in Sources */,
				6B0D18762DAA8296006ADBF8 /* LCDiskVolumeManager.swift in Sources */,
				6B0D18772DAA8296006ADBF8 /* LCProgressHUD.swift in Sources */,
				6B9DA0CF2E44432600F13084 /* LCFileSizeTool.swift in Sources */,
				6BC2D76B2E852835003FFF43 /* LCScrollBarPreferenceManager.swift in Sources */,
				6B70DB862E2DDD6400A371CB /* NSButton+Extension.swift in Sources */,
				6BF39B672E17B95C001CBD6A /* LCSoundsManager.swift in Sources */,
				6B0D18782DAA8296006ADBF8 /* Constants.swift in Sources */,
				6BB6A0602E711BD500E81B51 /* NSImage+Color.swift in Sources */,
				6B31E2F92ECAC38900168A34 /* NSObject+Event.swift in Sources */,
				6B31E2D12ECAAAE400168A34 /* NSSplitView+Extension.swift in Sources */,
				6B0D18792DAA8296006ADBF8 /* LCSpeechManager.swift in Sources */,
				6B8735CE2ED5BFBD00F061AE /* LCAppInfo.swift in Sources */,
				6BFBFC652E0C4241001D9131 /* NSView+Frame.swift in Sources */,
				6B0D187A2DAA8296006ADBF8 /* LCTemperatureUtils.swift in Sources */,
				6B70DB882E2DDD9D00A371CB /* NSEvent+Extension.swift in Sources */,
				6B31E2F02ECAAF8C00168A34 /* LCUserDefaults.swift in Sources */,
				6BEAC7662E4590650059062B /* LCTextHighlighter.swift in Sources */,
				6B0D187B2DAA8296006ADBF8 /* LCAppRatingManager.swift in Sources */,
				6B9DA0CC2E443B3100F13084 /* LCTableViewHelper.swift in Sources */,
				6B0D187C2DAA8296006ADBF8 /* LCURLManager.swift in Sources */,
				6B8735D02ED5C1B600F061AE /* NSControl+Extension.swift in Sources */,
				6B0D187D2DAA8296006ADBF8 /* NSAlert+Extension.swift in Sources */,
				6B0D187E2DAA8296006ADBF8 /* NSRect+Extension.swift in Sources */,
				6B31E2F72ECABF8D00168A34 /* NSResponder+Category.swift in Sources */,
				6B31E2F32ECAB56E00168A34 /* LCKeyboardEvents.swift in Sources */,
				6B0D187F2DAA8296006ADBF8 /* LCProgressHUDMode.swift in Sources */,
				6B8B8C002E6800E5007D9CCC /* LCLoginItemManager.swift in Sources */,
				6B0D18802DAA8296006ADBF8 /* LCFileAdministrator.swift in Sources */,
				6B0D18812DAA8296006ADBF8 /* LCLogFileManager.swift in Sources */,
				6B17121A2E408E38000687D1 /* LCStatusItemPositionManager.swift in Sources */,
				6B4242942E09043300632551 /* FileManager+Extension.swift in Sources */,
				6B4A54BA2E66D83500D9D290 /* LCCustomTableRowView.swift in Sources */,
				6B0D18822DAA8296006ADBF8 /* LCProgressIndicatorLayer.swift in Sources */,
				6B0D18832DAA8296006ADBF8 /* LCProgressHUDPosition.swift in Sources */,
				6BF1D9C72E13E7C500BCD227 /* LCCoordinatesAdministrator.swift in Sources */,
				6B0D18842DAA8296006ADBF8 /* LCActivityIndicatorManager.swift in Sources */,
				6B0DE7E12DE6AD3A00C186F2 /* LCWallpaperManager.swift in Sources */,
				6B0D17F32DAA72B9006ADBF8 /* ViewController.swift in Sources */,
			);
			runOnlyForDeploymentPostprocessing = 0;
		};
/* End PBXSourcesBuildPhase section */

/* Begin PBXVariantGroup section */
		6B0D17EF2DAA72B9006ADBF8 /* Main.storyboard */ = {
			isa = PBXVariantGroup;
			children = (
				6B0D17EE2DAA72B9006ADBF8 /* Base */,
			);
			name = Main.storyboard;
			sourceTree = "<group>";
		};
/* End PBXVariantGroup section */

/* Begin XCBuildConfiguration section */
		6B0D17E62DAA72B4006ADBF8 /* Debug */ = {
			isa = XCBuildConfiguration;
			buildSettings = {
				ALWAYS_SEARCH_USER_PATHS = NO;
				ASSETCATALOG_COMPILER_GENERATE_SWIFT_ASSET_SYMBOL_EXTENSIONS = YES;
				CLANG_ANALYZER_NONNULL = YES;
				CLANG_ANALYZER_NUMBER_OBJECT_CONVERSION = YES_AGGRESSIVE;
				CLANG_CXX_LANGUAGE_STANDARD = "gnu++20";
				CLANG_ENABLE_MODULES = YES;
				CLANG_ENABLE_OBJC_ARC = YES;
				CLANG_ENABLE_OBJC_WEAK = YES;
				CLANG_WARN_BLOCK_CAPTURE_AUTORELEASING = YES;
				CLANG_WARN_BOOL_CONVERSION = YES;
				CLANG_WARN_COMMA = YES;
				CLANG_WARN_CONSTANT_CONVERSION = YES;
				CLANG_WARN_DEPRECATED_OBJC_IMPLEMENTATIONS = YES;
				CLANG_WARN_DIRECT_OBJC_ISA_USAGE = YES_ERROR;
				CLANG_WARN_DOCUMENTATION_COMMENTS = YES;
				CLANG_WARN_EMPTY_BODY = YES;
				CLANG_WARN_ENUM_CONVERSION = YES;
				CLANG_WARN_INFINITE_RECURSION = YES;
				CLANG_WARN_INT_CONVERSION = YES;
				CLANG_WARN_NON_LITERAL_NULL_CONVERSION = YES;
				CLANG_WARN_OBJC_IMPLICIT_RETAIN_SELF = YES;
				CLANG_WARN_OBJC_LITERAL_CONVERSION = YES;
				CLANG_WARN_OBJC_ROOT_CLASS = YES_ERROR;
				CLANG_WARN_QUOTED_INCLUDE_IN_FRAMEWORK_HEADER = YES;
				CLANG_WARN_RANGE_LOOP_ANALYSIS = YES;
				CLANG_WARN_STRICT_PROTOTYPES = YES;
				CLANG_WARN_SUSPICIOUS_MOVE = YES;
				CLANG_WARN_UNGUARDED_AVAILABILITY = YES_AGGRESSIVE;
				CLANG_WARN_UNREACHABLE_CODE = YES;
				CLANG_WARN__DUPLICATE_METHOD_MATCH = YES;
				COPY_PHASE_STRIP = NO;
				DEBUG_INFORMATION_FORMAT = dwarf;
				ENABLE_STRICT_OBJC_MSGSEND = YES;
				ENABLE_TESTABILITY = YES;
				ENABLE_USER_SCRIPT_SANDBOXING = YES;
				GCC_C_LANGUAGE_STANDARD = gnu17;
				GCC_DYNAMIC_NO_PIC = NO;
				GCC_NO_COMMON_BLOCKS = YES;
				GCC_OPTIMIZATION_LEVEL = 0;
				GCC_PREPROCESSOR_DEFINITIONS = (
					"DEBUG=1",
					"$(inherited)",
				);
				GCC_WARN_64_TO_32_BIT_CONVERSION = YES;
				GCC_WARN_ABOUT_RETURN_TYPE = YES_ERROR;
				GCC_WARN_UNDECLARED_SELECTOR = YES;
				GCC_WARN_UNINITIALIZED_AUTOS = YES_AGGRESSIVE;
				GCC_WARN_UNUSED_FUNCTION = YES;
				GCC_WARN_UNUSED_VARIABLE = YES;
				LOCALIZATION_PREFERS_STRING_CATALOGS = YES;
				MACOSX_DEPLOYMENT_TARGET = 15.2;
				MTL_ENABLE_DEBUG_INFO = INCLUDE_SOURCE;
				MTL_FAST_MATH = YES;
				ONLY_ACTIVE_ARCH = YES;
				SDKROOT = macosx;
				SWIFT_ACTIVE_COMPILATION_CONDITIONS = "DEBUG $(inherited)";
				SWIFT_OPTIMIZATION_LEVEL = "-Onone";
			};
			name = Debug;
		};
		6B0D17E72DAA72B4006ADBF8 /* Release */ = {
			isa = XCBuildConfiguration;
			buildSettings = {
				ALWAYS_SEARCH_USER_PATHS = NO;
				ASSETCATALOG_COMPILER_GENERATE_SWIFT_ASSET_SYMBOL_EXTENSIONS = YES;
				CLANG_ANALYZER_NONNULL = YES;
				CLANG_ANALYZER_NUMBER_OBJECT_CONVERSION = YES_AGGRESSIVE;
				CLANG_CXX_LANGUAGE_STANDARD = "gnu++20";
				CLANG_ENABLE_MODULES = YES;
				CLANG_ENABLE_OBJC_ARC = YES;
				CLANG_ENABLE_OBJC_WEAK = YES;
				CLANG_WARN_BLOCK_CAPTURE_AUTORELEASING = YES;
				CLANG_WARN_BOOL_CONVERSION = YES;
				CLANG_WARN_COMMA = YES;
				CLANG_WARN_CONSTANT_CONVERSION = YES;
				CLANG_WARN_DEPRECATED_OBJC_IMPLEMENTATIONS = YES;
				CLANG_WARN_DIRECT_OBJC_ISA_USAGE = YES_ERROR;
				CLANG_WARN_DOCUMENTATION_COMMENTS = YES;
				CLANG_WARN_EMPTY_BODY = YES;
				CLANG_WARN_ENUM_CONVERSION = YES;
				CLANG_WARN_INFINITE_RECURSION = YES;
				CLANG_WARN_INT_CONVERSION = YES;
				CLANG_WARN_NON_LITERAL_NULL_CONVERSION = YES;
				CLANG_WARN_OBJC_IMPLICIT_RETAIN_SELF = YES;
				CLANG_WARN_OBJC_LITERAL_CONVERSION = YES;
				CLANG_WARN_OBJC_ROOT_CLASS = YES_ERROR;
				CLANG_WARN_QUOTED_INCLUDE_IN_FRAMEWORK_HEADER = YES;
				CLANG_WARN_RANGE_LOOP_ANALYSIS = YES;
				CLANG_WARN_STRICT_PROTOTYPES = YES;
				CLANG_WARN_SUSPICIOUS_MOVE = YES;
				CLANG_WARN_UNGUARDED_AVAILABILITY = YES_AGGRESSIVE;
				CLANG_WARN_UNREACHABLE_CODE = YES;
				CLANG_WARN__DUPLICATE_METHOD_MATCH = YES;
				COPY_PHASE_STRIP = NO;
				DEBUG_INFORMATION_FORMAT = "dwarf-with-dsym";
				ENABLE_NS_ASSERTIONS = NO;
				ENABLE_STRICT_OBJC_MSGSEND = YES;
				ENABLE_USER_SCRIPT_SANDBOXING = YES;
				GCC_C_LANGUAGE_STANDARD = gnu17;
				GCC_NO_COMMON_BLOCKS = YES;
				GCC_WARN_64_TO_32_BIT_CONVERSION = YES;
				GCC_WARN_ABOUT_RETURN_TYPE = YES_ERROR;
				GCC_WARN_UNDECLARED_SELECTOR = YES;
				GCC_WARN_UNINITIALIZED_AUTOS = YES_AGGRESSIVE;
				GCC_WARN_UNUSED_FUNCTION = YES;
				GCC_WARN_UNUSED_VARIABLE = YES;
				LOCALIZATION_PREFERS_STRING_CATALOGS = YES;
				MACOSX_DEPLOYMENT_TARGET = 15.2;
				MTL_ENABLE_DEBUG_INFO = NO;
				MTL_FAST_MATH = YES;
				SDKROOT = macosx;
				SWIFT_COMPILATION_MODE = wholemodule;
			};
			name = Release;
		};
		6B0D17E92DAA72B4006ADBF8 /* Debug */ = {
			isa = XCBuildConfiguration;
			buildSettings = {
				ASSETCATALOG_COMPILER_APPICON_NAME = AppIcon;
				ASSETCATALOG_COMPILER_GLOBAL_ACCENT_COLOR_NAME = AccentColor;
				CODE_SIGN_ENTITLEMENTS = LCToolsKitDemo/LCToolsKitDemo.entitlements;
				CODE_SIGN_STYLE = Automatic;
				COMBINE_HIDPI_IMAGES = YES;
				CURRENT_PROJECT_VERSION = 1;
				DEVELOPMENT_TEAM = QTU7D3WQQ9;
				ENABLE_HARDENED_RUNTIME = YES;
				GENERATE_INFOPLIST_FILE = YES;
				INFOPLIST_KEY_NSHumanReadableCopyright = "";
				INFOPLIST_KEY_NSMainStoryboardFile = Main;
				INFOPLIST_KEY_NSPrincipalClass = NSApplication;
				LD_RUNPATH_SEARCH_PATHS = (
					"$(inherited)",
					"@executable_path/../Frameworks",
				);
				MACOSX_DEPLOYMENT_TARGET = 10.15;
				MARKETING_VERSION = 1.0;
				PRODUCT_BUNDLE_IDENTIFIER = com.DevLiuSir.LCToolsKitDemo;
				PRODUCT_NAME = "$(TARGET_NAME)";
				SWIFT_EMIT_LOC_STRINGS = YES;
				SWIFT_VERSION = 5.0;
			};
			name = Debug;
		};
		6B0D17EA2DAA72B4006ADBF8 /* Release */ = {
			isa = XCBuildConfiguration;
			buildSettings = {
				ASSETCATALOG_COMPILER_APPICON_NAME = AppIcon;
				ASSETCATALOG_COMPILER_GLOBAL_ACCENT_COLOR_NAME = AccentColor;
				CODE_SIGN_ENTITLEMENTS = LCToolsKitDemo/LCToolsKitDemo.entitlements;
				CODE_SIGN_STYLE = Automatic;
				COMBINE_HIDPI_IMAGES = YES;
				CURRENT_PROJECT_VERSION = 1;
				DEVELOPMENT_TEAM = QTU7D3WQQ9;
				ENABLE_HARDENED_RUNTIME = YES;
				GENERATE_INFOPLIST_FILE = YES;
				INFOPLIST_KEY_NSHumanReadableCopyright = "";
				INFOPLIST_KEY_NSMainStoryboardFile = Main;
				INFOPLIST_KEY_NSPrincipalClass = NSApplication;
				LD_RUNPATH_SEARCH_PATHS = (
					"$(inherited)",
					"@executable_path/../Frameworks",
				);
				MACOSX_DEPLOYMENT_TARGET = 10.15;
				MARKETING_VERSION = 1.0;
				PRODUCT_BUNDLE_IDENTIFIER = com.DevLiuSir.LCToolsKitDemo;
				PRODUCT_NAME = "$(TARGET_NAME)";
				SWIFT_EMIT_LOC_STRINGS = YES;
				SWIFT_VERSION = 5.0;
			};
			name = Release;
		};
/* End XCBuildConfiguration section */

/* Begin XCConfigurationList section */
		6B0D17D42DAA72B3006ADBF8 /* Build configuration list for PBXProject "LCToolsKitDemo" */ = {
			isa = XCConfigurationList;
			buildConfigurations = (
				6B0D17E62DAA72B4006ADBF8 /* Debug */,
				6B0D17E72DAA72B4006ADBF8 /* Release */,
			);
			defaultConfigurationIsVisible = 0;
			defaultConfigurationName = Release;
		};
		6B0D17E82DAA72B4006ADBF8 /* Build configuration list for PBXNativeTarget "LCToolsKitDemo" */ = {
			isa = XCConfigurationList;
			buildConfigurations = (
				6B0D17E92DAA72B4006ADBF8 /* Debug */,
				6B0D17EA2DAA72B4006ADBF8 /* Release */,
			);
			defaultConfigurationIsVisible = 0;
			defaultConfigurationName = Release;
		};
/* End XCConfigurationList section */
	};
	rootObject = 6B0D17D12DAA72B3006ADBF8 /* Project object */;
}
